{
  "name": "portfolio",
  "lockfileVersion": 3,
  "requires": true,
  "packages": {
    "": {
      "dependencies": {
        "swup": "^4.6.1"
      }
    },
    "node_modules/delegate-it": {
      "version": "6.1.0",
      "resolved": "https://registry.npmjs.org/delegate-it/-/delegate-it-6.1.0.tgz",
      "integrity": "sha512-sPgBvzO3GVViT1qKiuMLKnZs2HokFwCg304kv2bbG08Tm3qi9u5y5jEC7u2dR0js22i+17JTfqK0XpWop9c67w==",
      "dependencies": {
        "typed-query-selector": "^2.11.2"
      },
      "funding": {
        "url": "https://github.com/sponsors/fregante"
      }
    },
    "node_modules/opencollective-postinstall": {
      "version": "2.0.3",
      "resolved": "https://registry.npmjs.org/opencollective-postinstall/-/opencollective-postinstall-2.0.3.tgz",
      "integrity": "sha512-8AV/sCtuzUeTo8gQK5qDZzARrulB3egtLzFgteqB2tcT4Mw7B8Kt7JcDHmltjz6FOAHsvTevk70gZEbhM4ZS9Q==",
      "bin": {
        "opencollective-postinstall": "index.js"
      }
    },
    "node_modules/path-to-regexp": {
      "version": "6.2.2",
      "resolved": "https://registry.npmjs.org/path-to-regexp/-/path-to-regexp-6.2.2.tgz",
      "integrity": "sha512-GQX3SSMokngb36+whdpRXE+3f9V8UzyAorlYvOGx87ufGHehNTn5lCxrKtLyZ4Yl/wEKnNnr98ZzOwwDZV5ogw=="
    },
    "node_modules/swup": {
      "version": "4.6.1",
      "resolved": "https://registry.npmjs.org/swup/-/swup-4.6.1.tgz",
      "integrity": "sha512-NPjtE00n2aT0QLDChefU7d/eqqz1zwLXsCCCLz7Vi/sLoszC3eicg3oVO0uLtwM1/qz0na3nGRNw3Avwm4VSfw==",
      "hasInstallScript": true,
      "dependencies": {
        "delegate-it": "^6.0.0",
        "opencollective-postinstall": "^2.0.2",
        "path-to-regexp": "^6.2.1"
      }
    },
    "node_modules/typed-query-selector": {
      "version": "2.11.2",
      "resolved": "https://registry.npmjs.org/typed-query-selector/-/typed-query-selector-2.11.2.tgz",
      "integrity": "sha512-6rZP+cG3wPg2w1Zqv2VCOsSqlkGElrLSGeEkyrIU9mHG+JfQZE/6lE3oyQouz42sTS9n8fQXvwQBaVWz6dzpfQ=="
    }
  }
}
